
Microsoft Visual Studio Solution File, Format Version 12.00
# Visual Studio Version 17
VisualStudioVersion = 17.7.34003.232
MinimumVisualStudioVersion = 10.0.40219.1
Project("{FAE04EC0-301F-11D3-BF4B-00C04F79EFBC}") = "JogoDaMemória", "JogoDaMemória\JogoDaMemória.csproj", "{7C1CF65D-87B9-4ADD-837B-65E8521987E4}"
EndProject
Global
	GlobalSection(SolutionConfigurationPlatforms) = preSolution
		Debug|Any CPU = Debug|Any CPU
		Release|Any CPU = Release|Any CPU
	EndGlobalSection
	GlobalSection(ProjectConfigurationPlatforms) = postSolution
		{7C1CF65D-87B9-4ADD-837B-65E8521987E4}.Debug|Any CPU.ActiveCfg = Debug|Any CPU
		{7C1CF65D-87B9-4ADD-837B-65E8521987E4}.Debug|Any CPU.Build.0 = Debug|Any CPU
		{7C1CF65D-87B9-4ADD-837B-65E8521987E4}.Release|Any CPU.ActiveCfg = Release|Any CPU
		{7C1CF65D-87B9-4ADD-837B-65E8521987E4}.Release|Any CPU.Build.0 = Release|Any CPU
	EndGlobalSection
	GlobalSection(SolutionProperties) = preSolution
		HideSolutionNode = FALSE
	EndGlobalSection
	GlobalSection(ExtensibilityGlobals) = postSolution
		SolutionGuid = {243258CB-E55C-4B22-BA60-3C313EC50D23}
	EndGlobalSection
EndGlobal
